// !$*UTF8*$!
{
	archiveVersion = 1;
	classes = {
	};
	objectVersion = 50;
	objects = {

/* Begin PBXBuildFile section */
		8F24A1252140C2A900F63EBD /* AppDelegate.swift in Sources */ = {isa = PBXBuildFile; fileRef = 8F24A1242140C2A900F63EBD /* AppDelegate.swift */; };
		8F24A1272140C2A900F63EBD /* ViewController.swift in Sources */ = {isa = PBXBuildFile; fileRef = 8F24A1262140C2A900F63EBD /* ViewController.swift */; };
		8F24A12A2140C2A900F63EBD /* Main.storyboard in Resources */ = {isa = PBXBuildFile; fileRef = 8F24A1282140C2A900F63EBD /* Main.storyboard */; };
		8F24A12C2140C2AA00F63EBD /* Assets.xcassets in Resources */ = {isa = PBXBuildFile; fileRef = 8F24A12B2140C2AA00F63EBD /* Assets.xcassets */; };
		8F24A12F2140C2AA00F63EBD /* LaunchScreen.storyboard in Resources */ = {isa = PBXBuildFile; fileRef = 8F24A12D2140C2AA00F63EBD /* LaunchScreen.storyboard */; };
		8F24A13A2140C2AA00F63EBD /* calculatorTests.swift in Sources */ = {isa = PBXBuildFile; fileRef = 8F24A1392140C2AA00F63EBD /* calculatorTests.swift */; };
		8F24A1452140C2AA00F63EBD /* calculatorUITests.swift in Sources */ = {isa = PBXBuildFile; fileRef = 8F24A1442140C2AA00F63EBD /* calculatorUITests.swift */; };
/* End PBXBuildFile section */

/* Begin PBXContainerItemProxy section */
		8F24A1362140C2AA00F63EBD /* PBXContainerItemProxy */ = {
			isa = PBXContainerItemProxy;
			containerPortal = 8F24A1192140C2A900F63EBD /* Project object */;
			proxyType = 1;
			remoteGlobalIDString = 8F24A1202140C2A900F63EBD;
			remoteInfo = calculator;
		};
		8F24A1412140C2AA00F63EBD /* PBXContainerItemProxy */ = {
			isa = PBXContainerItemProxy;
			containerPortal = 8F24A1192140C2A900F63EBD /* Project object */;
			proxyType = 1;
			remoteGlobalIDString = 8F24A1202140C2A900F63EBD;
			remoteInfo = calculator;
		};
/* End PBXContainerItemProxy section */

/* Begin PBXFileReference section */
		8F24A1212140C2A900F63EBD /* calculator.app */ = {isa = PBXFileReference; explicitFileType = wrapper.application; includeInIndex = 0; path = calculator.app; sourceTree = BUILT_PRODUCTS_DIR; };
		8F24A1242140C2A900F63EBD /* AppDelegate.swift */ = {isa = PBXFileReference; lastKnownFileType = sourcecode.swift; path = AppDelegate.swift; sourceTree = "<group>"; };
		8F24A1262140C2A900F63EBD /* ViewController.swift */ = {isa = PBXFileReference; lastKnownFileType = sourcecode.swift; path = ViewController.swift; sourceTree = "<group>"; };
		8F24A1292140C2A900F63EBD /* Base */ = {isa = PBXFileReference; lastKnownFileType = file.storyboard; name = Base; path = Base.lproj/Main.storyboard; sourceTree = "<group>"; };
		8F24A12B2140C2AA00F63EBD /* Assets.xcassets */ = {isa = PBXFileReference; lastKnownFileType = folder.assetcatalog; path = Assets.xcassets; sourceTree = "<group>"; };
		8F24A12E2140C2AA00F63EBD /* Base */ = {isa = PBXFileReference; lastKnownFileType = file.storyboard; name = Base; path = Base.lproj/LaunchScreen.storyboard; sourceTree = "<group>"; };
		8F24A1302140C2AA00F63EBD /* Info.plist */ = {isa = PBXFileReference; lastKnownFileType = text.plist.xml; path = Info.plist; sourceTree = "<group>"; };
		8F24A1352140C2AA00F63EBD /* calculatorTests.xctest */ = {isa = PBXFileReference; explicitFileType = wrapper.cfbundle; includeInIndex = 0; path = calculatorTests.xctest; sourceTree = BUILT_PRODUCTS_DIR; };
		8F24A1392140C2AA00F63EBD /* calculatorTests.swift */ = {isa = PBXFileReference; lastKnownFileType = sourcecode.swift; path = calculatorTests.swift; sourceTree = "<group>"; };
		8F24A13B2140C2AA00F63EBD /* Info.plist */ = {isa = PBXFileReference; lastKnownFileType = text.plist.xml; path = Info.plist; sourceTree = "<group>"; };
		8F24A1402140C2AA00F63EBD /* calculatorUITests.xctest */ = {isa = PBXFileReference; explicitFileType = wrapper.cfbundle; includeInIndex = 0; path = calculatorUITests.xctest; sourceTree = BUILT_PRODUCTS_DIR; };
		8F24A1442140C2AA00F63EBD /* calculatorUITests.swift */ = {isa = PBXFileReference; lastKnownFileType = sourcecode.swift; path = calculatorUITests.swift; sourceTree = "<group>"; };
		8F24A1462140C2AA00F63EBD /* Info.plist */ = {isa = PBXFileReference; lastKnownFileType = text.plist.xml; path = Info.plist; sourceTree = "<group>"; };
/* End PBXFileReference section */

/* Begin PBXFrameworksBuildPhase section */
		8F24A11E2140C2A900F63EBD /* Frameworks */ = {
			isa = PBXFrameworksBuildPhase;
			buildActionMask = 2147483647;
			files = (
			);
			runOnlyForDeploymentPostprocessing = 0;
		};
		8F24A1322140C2AA00F63EBD /* Frameworks */ = {
			isa = PBXFrameworksBuildPhase;
			buildActionMask = 2147483647;
			files = (
			);
			runOnlyForDeploymentPostprocessing = 0;
		};
		8F24A13D2140C2AA00F63EBD /* Frameworks */ = {
			isa = PBXFrameworksBuildPhase;
			buildActionMask = 2147483647;
			files = (
			);
			runOnlyForDeploymentPostprocessing = 0;
		};
/* End PBXFrameworksBuildPhase section */

/* Begin PBXGroup section */
		8F24A1182140C2A900F63EBD = {
			isa = PBXGroup;
			children = (
				8F24A1232140C2A900F63EBD /* calculator */,
				8F24A1382140C2AA00F63EBD /* calculatorTests */,
				8F24A1432140C2AA00F63EBD /* calculatorUITests */,
				8F24A1222140C2A900F63EBD /* Products */,
			);
			sourceTree = "<group>";
		};
		8F24A1222140C2A900F63EBD /* Products */ = {
			isa = PBXGroup;
			children = (
				8F24A1212140C2A900F63EBD /* calculator.app */,
				8F24A1352140C2AA00F63EBD /* calculatorTests.xctest */,
				8F24A1402140C2AA00F63EBD /* calculatorUITests.xctest */,
			);
			name = Products;
			sourceTree = "<group>";
		};
		8F24A1232140C2A900F63EBD /* calculator */ = {
			isa = PBXGroup;
			children = (
				8F24A1242140C2A900F63EBD /* AppDelegate.swift */,
				8F24A1262140C2A900F63EBD /* ViewController.swift */,
				8F24A1282140C2A900F63EBD /* Main.storyboard */,
				8F24A12B2140C2AA00F63EBD /* Assets.xcassets */,
				8F24A12D2140C2AA00F63EBD /* LaunchScreen.storyboard */,
				8F24A1302140C2AA00F63EBD /* Info.plist */,
			);
			path = calculator;
			sourceTree = "<group>";
		};
		8F24A1382140C2AA00F63EBD /* calculatorTests */ = {
			isa = PBXGroup;
			children = (
				8F24A1392140C2AA00F63EBD /* calculatorTests.swift */,
				8F24A13B2140C2AA00F63EBD /* Info.plist */,
			);
			path = calculatorTests;
			sourceTree = "<group>";
		};
		8F24A1432140C2AA00F63EBD /* calculatorUITests */ = {
			isa = PBXGroup;
			children = (
				8F24A1442140C2AA00F63EBD /* calculatorUITests.swift */,
				8F24A1462140C2AA00F63EBD /* Info.plist */,
			);
			path = calculatorUITests;
			sourceTree = "<group>";
		};
/* End PBXGroup section */

/* Begin PBXNativeTarget section */
		8F24A1202140C2A900F63EBD /* calculator */ = {
			isa = PBXNativeTarget;
			buildConfigurationList = 8F24A1492140C2AA00F63EBD /* Build configuration list for PBXNativeTarget "calculator" */;
			buildPhases = (
				8F24A11D2140C2A900F63EBD /* Sources */,
				8F24A11E2140C2A900F63EBD /* Frameworks */,
				8F24A11F2140C2A900F63EBD /* Resources */,
			);
			buildRules = (
			);
			dependencies = (
			);
			name = calculator;
			productName = calculator;
			productReference = 8F24A1212140C2A900F63EBD /* calculator.app */;
			productType = "com.apple.product-type.application";
		};
		8F24A1342140C2AA00F63EBD /* calculatorTests */ = {
			isa = PBXNativeTarget;
			buildConfigurationList = 8F24A14C2140C2AA00F63EBD /* Build configuration list for PBXNativeTarget "calculatorTests" */;
			buildPhases = (
				8F24A1312140C2AA00F63EBD /* Sources */,
				8F24A1322140C2AA00F63EBD /* Frameworks */,
				8F24A1332140C2AA00F63EBD /* Resources */,
			);
			buildRules = (
			);
			dependencies = (
				8F24A1372140C2AA00F63EBD /* PBXTargetDependency */,
			);
			name = calculatorTests;
			productName = calculatorTests;
			productReference = 8F24A1352140C2AA00F63EBD /* calculatorTests.xctest */;
			productType = "com.apple.product-type.bundle.unit-test";
		};
		8F24A13F2140C2AA00F63EBD /* calculatorUITests */ = {
			isa = PBXNativeTarget;
			buildConfigurationList = 8F24A14F2140C2AA00F63EBD /* Build configuration list for PBXNativeTarget "calculatorUITests" */;
			buildPhases = (
				8F24A13C2140C2AA00F63EBD /* Sources */,
				8F24A13D2140C2AA00F63EBD /* Frameworks */,
				8F24A13E2140C2AA00F63EBD /* Resources */,
			);
			buildRules = (
			);
			dependencies = (
				8F24A1422140C2AA00F63EBD /* PBXTargetDependency */,
			);
			name = calculatorUITests;
			productName = calculatorUITests;
			productReference = 8F24A1402140C2AA00F63EBD /* calculatorUITests.xctest */;
			productType = "com.apple.product-type.bundle.ui-testing";
		};
/* End PBXNativeTarget section */

/* Begin PBXProject section */
		8F24A1192140C2A900F63EBD /* Project object */ = {
			isa = PBXProject;
			attributes = {
				LastSwiftUpdateCheck = 0940;
				LastUpgradeCheck = 0940;
				ORGANIZATIONNAME = "Li, Bo";
				TargetAttributes = {
					8F24A1202140C2A900F63EBD = {
						CreatedOnToolsVersion = 9.4.1;
					};
					8F24A1342140C2AA00F63EBD = {
						CreatedOnToolsVersion = 9.4.1;
						TestTargetID = 8F24A1202140C2A900F63EBD;
					};
					8F24A13F2140C2AA00F63EBD = {
						CreatedOnToolsVersion = 9.4.1;
						TestTargetID = 8F24A1202140C2A900F63EBD;
					};
				};
			};
			buildConfigurationList = 8F24A11C2140C2A900F63EBD /* Build configuration list for PBXProject "calculator" */;
			compatibilityVersion = "Xcode 9.3";
			developmentRegion = en;
			hasScannedForEncodings = 0;
			knownRegions = (
				en,
				Base,
			);
			mainGroup = 8F24A1182140C2A900F63EBD;
			productRefGroup = 8F24A1222140C2A900F63EBD /* Products */;
			projectDirPath = "";
			projectRoot = "";
			targets = (
				8F24A1202140C2A900F63EBD /* calculator */,
				8F24A1342140C2AA00F63EBD /* calculatorTests */,
				8F24A13F2140C2AA00F63EBD /* calculatorUITests */,
			);
		};
/* End PBXProject section */

/* Begin PBXResourcesBuildPhase section */
		8F24A11F2140C2A900F63EBD /* Resources */ = {
			isa = PBXResourcesBuildPhase;
			buildActionMask = 2147483647;
			files = (
				8F24A12F2140C2AA00F63EBD /* LaunchScreen.storyboard in Resources */,
				8F24A12C2140C2AA00F63EBD /* Assets.xcassets in Resources */,
				8F24A12A2140C2A900F63EBD /* Main.storyboard in Resources */,
			);
			runOnlyForDeploymentPostprocessing = 0;
		};
		8F24A1332140C2AA00F63EBD /* Resources */ = {
			isa = PBXResourcesBuildPhase;
			buildActionMask = 2147483647;
			files = (
			);
			runOnlyForDeploymentPostprocessing = 0;
		};
		8F24A13E2140C2AA00F63EBD /* Resources */ = {
			isa = PBXResourcesBuildPhase;
			buildActionMask = 2147483647;
			files = (
			);
			runOnlyForDeploymentPostprocessing = 0;
		};
/* End PBXResourcesBuildPhase section */

/* Begin PBXSourcesBuildPhase section */
		8F24A11D2140C2A900F63EBD /* Sources */ = {
			isa = PBXSourcesBuildPhase;
			buildActionMask = 2147483647;
			files = (
				8F24A1272140C2A900F63EBD /* ViewController.swift in Sources */,
				8F24A1252140C2A900F63EBD /* AppDelegate.swift in Sources */,
			);
			runOnlyForDeploymentPostprocessing = 0;
		};
		8F24A1312140C2AA00F63EBD /* Sources */ = {
			isa = PBXSourcesBuildPhase;
			buildActionMask = 2147483647;
			files = (
				8F24A13A2140C2AA00F63EBD /* calculatorTests.swift in Sources */,
			);
			runOnlyForDeploymentPostprocessing = 0;
		};
		8F24A13C2140C2AA00F63EBD /* Sources */ = {
			isa = PBXSourcesBuildPhase;
			buildActionMask = 2147483647;
			files = (
				8F24A1452140C2AA00F63EBD /* calculatorUITests.swift in Sources */,
			);
			runOnlyForDeploymentPostprocessing = 0;
		};
/* End PBXSourcesBuildPhase section */

/* Begin PBXTargetDependency section */
		8F24A1372140C2AA00F63EBD /* PBXTargetDependency */ = {
			isa = PBXTargetDependency;
			target = 8F24A1202140C2A900F63EBD /* calculator */;
			targetProxy = 8F24A1362140C2AA00F63EBD /* PBXContainerItemProxy */;
		};
		8F24A1422140C2AA00F63EBD /* PBXTargetDependency */ = {
			isa = PBXTargetDependency;
			target = 8F24A1202140C2A900F63EBD /* calculator */;
			targetProxy = 8F24A1412140C2AA00F63EBD /* PBXContainerItemProxy */;
		};
/* End PBXTargetDependency section */

/* Begin PBXVariantGroup section */
		8F24A1282140C2A900F63EBD /* Main.storyboard */ = {
			isa = PBXVariantGroup;
			children = (
				8F24A1292140C2A900F63EBD /* Base */,
			);
			name = Main.storyboard;
			sourceTree = "<group>";
		};
		8F24A12D2140C2AA00F63EBD /* LaunchScreen.storyboard */ = {
			isa = PBXVariantGroup;
			children = (
				8F24A12E2140C2AA00F63EBD /* Base */,
			);
			name = LaunchScreen.storyboard;
			sourceTree = "<group>";
		};
/* End PBXVariantGroup section */

/* Begin XCBuildConfiguration section */
		8F24A1472140C2AA00F63EBD /* Debug */ = {
			isa = XCBuildConfiguration;
			buildSettings = {
				ALWAYS_SEARCH_USER_PATHS = NO;
				CLANG_ANALYZER_NONNULL = YES;
				CLANG_ANALYZER_NUMBER_OBJECT_CONVERSION = YES_AGGRESSIVE;
				CLANG_CXX_LANGUAGE_STANDARD = "gnu++14";
				CLANG_CXX_LIBRARY = "libc++";
				CLANG_ENABLE_MODULES = YES;
				CLANG_ENABLE_OBJC_ARC = YES;
				CLANG_ENABLE_OBJC_WEAK = YES;
				CLANG_WARN_BLOCK_CAPTURE_AUTORELEASING = YES;
				CLANG_WARN_BOOL_CONVERSION = YES;
				CLANG_WARN_COMMA = YES;
				CLANG_WARN_CONSTANT_CONVERSION = YES;
				CLANG_WARN_DEPRECATED_OBJC_IMPLEMENTATIONS = YES;
				CLANG_WARN_DIRECT_OBJC_ISA_USAGE = YES_ERROR;
				CLANG_WARN_DOCUMENTATION_COMMENTS = YES;
				CLANG_WARN_EMPTY_BODY = YES;
				CLANG_WARN_ENUM_CONVERSION = YES;
				CLANG_WARN_INFINITE_RECURSION = YES;
				CLANG_WARN_INT_CONVERSION = YES;
				CLANG_WARN_NON_LITERAL_NULL_CONVERSION = YES;
				CLANG_WARN_OBJC_IMPLICIT_RETAIN_SELF = YES;
				CLANG_WARN_OBJC_LITERAL_CONVERSION = YES;
				CLANG_WARN_OBJC_ROOT_CLASS = YES_ERROR;
				CLANG_WARN_RANGE_LOOP_ANALYSIS = YES;
				CLANG_WARN_STRICT_PROTOTYPES = YES;
				CLANG_WARN_SUSPICIOUS_MOVE = YES;
				CLANG_WARN_UNGUARDED_AVAILABILITY = YES_AGGRESSIVE;
				CLANG_WARN_UNREACHABLE_CODE = YES;
				CLANG_WARN__DUPLICATE_METHOD_MATCH = YES;
				CODE_SIGN_IDENTITY = "iPhone Developer";
				COPY_PHASE_STRIP = NO;
				DEBUG_INFORMATION_FORMAT = dwarf;
				ENABLE_STRICT_OBJC_MSGSEND = YES;
				ENABLE_TESTABILITY = YES;
				GCC_C_LANGUAGE_STANDARD = gnu11;
				GCC_DYNAMIC_NO_PIC = NO;
				GCC_NO_COMMON_BLOCKS = YES;
				GCC_OPTIMIZATION_LEVEL = 0;
				GCC_PREPROCESSOR_DEFINITIONS = (
					"DEBUG=1",
					"$(inherited)",
				);
				GCC_WARN_64_TO_32_BIT_CONVERSION = YES;
				GCC_WARN_ABOUT_RETURN_TYPE = YES_ERROR;
				GCC_WARN_UNDECLARED_SELECTOR = YES;
				GCC_WARN_UNINITIALIZED_AUTOS = YES_AGGRESSIVE;
				GCC_WARN_UNUSED_FUNCTION = YES;
				GCC_WARN_UNUSED_VARIABLE = YES;
				IPHONEOS_DEPLOYMENT_TARGET = 11.4;
				MTL_ENABLE_DEBUG_INFO = YES;
				ONLY_ACTIVE_ARCH = YES;
				SDKROOT = iphoneos;
				SWIFT_ACTIVE_COMPILATION_CONDITIONS = DEBUG;
				SWIFT_OPTIMIZATION_LEVEL = "-Onone";
			};
			name = Debug;
		};
		8F24A1482140C2AA00F63EBD /* Release */ = {
			isa = XCBuildConfiguration;
			buildSettings = {
				ALWAYS_SEARCH_USER_PATHS = NO;
				CLANG_ANALYZER_NONNULL = YES;
				CLANG_ANALYZER_NUMBER_OBJECT_CONVERSION = YES_AGGRESSIVE;
				CLANG_CXX_LANGUAGE_STANDARD = "gnu++14";
				CLANG_CXX_LIBRARY = "libc++";
				CLANG_ENABLE_MODULES = YES;
				CLANG_ENABLE_OBJC_ARC = YES;
				CLANG_ENABLE_OBJC_WEAK = YES;
				CLANG_WARN_BLOCK_CAPTURE_AUTORELEASING = YES;
				CLANG_WARN_BOOL_CONVERSION = YES;
				CLANG_WARN_COMMA = YES;
				CLANG_WARN_CONSTANT_CONVERSION = YES;
				CLANG_WARN_DEPRECATED_OBJC_IMPLEMENTATIONS = YES;
				CLANG_WARN_DIRECT_OBJC_ISA_USAGE = YES_ERROR;
				CLANG_WARN_DOCUMENTATION_COMMENTS = YES;
				CLANG_WARN_EMPTY_BODY = YES;
				CLANG_WARN_ENUM_CONVERSION = YES;
				CLANG_WARN_INFINITE_RECURSION = YES;
				CLANG_WARN_INT_CONVERSION = YES;
				CLANG_WARN_NON_LITERAL_NULL_CONVERSION = YES;
				CLANG_WARN_OBJC_IMPLICIT_RETAIN_SELF = YES;
				CLANG_WARN_OBJC_LITERAL_CONVERSION = YES;
				CLANG_WARN_OBJC_ROOT_CLASS = YES_ERROR;
				CLANG_WARN_RANGE_LOOP_ANALYSIS = YES;
				CLANG_WARN_STRICT_PROTOTYPES = YES;
				CLANG_WARN_SUSPICIOUS_MOVE = YES;
				CLANG_WARN_UNGUARDED_AVAILABILITY = YES_AGGRESSIVE;
				CLANG_WARN_UNREACHABLE_CODE = YES;
				CLANG_WARN__DUPLICATE_METHOD_MATCH = YES;
				CODE_SIGN_IDENTITY = "iPhone Developer";
				COPY_PHASE_STRIP = NO;
				DEBUG_INFORMATION_FORMAT = "dwarf-with-dsym";
				ENABLE_NS_ASSERTIONS = NO;
				ENABLE_STRICT_OBJC_MSGSEND = YES;
				GCC_C_LANGUAGE_STANDARD = gnu11;
				GCC_NO_COMMON_BLOCKS = YES;
				GCC_WARN_64_TO_32_BIT_CONVERSION = YES;
				GCC_WARN_ABOUT_RETURN_TYPE = YES_ERROR;
				GCC_WARN_UNDECLARED_SELECTOR = YES;
				GCC_WARN_UNINITIALIZED_AUTOS = YES_AGGRESSIVE;
				GCC_WARN_UNUSED_FUNCTION = YES;
				GCC_WARN_UNUSED_VARIABLE = YES;
				IPHONEOS_DEPLOYMENT_TARGET = 11.4;
				MTL_ENABLE_DEBUG_INFO = NO;
				SDKROOT = iphoneos;
				SWIFT_COMPILATION_MODE = wholemodule;
				SWIFT_OPTIMIZATION_LEVEL = "-O";
				VALIDATE_PRODUCT = YES;
			};
			name = Release;
		};
		8F24A14A2140C2AA00F63EBD /* Debug */ = {
			isa = XCBuildConfiguration;
			buildSettings = {
				ASSETCATALOG_COMPILER_APPICON_NAME = AppIcon;
				CODE_SIGN_STYLE = Automatic;
				DEVELOPMENT_TEAM = JG5PMT4375;
				INFOPLIST_FILE = calculator/Info.plist;
				LD_RUNPATH_SEARCH_PATHS = (
					"$(inherited)",
					"@executable_path/Frameworks",
				);
				PRODUCT_BUNDLE_IDENTIFIER = Bo.calculator;
				PRODUCT_NAME = "$(TARGET_NAME)";
				SWIFT_VERSION = 4.0;
				TARGETED_DEVICE_FAMILY = "1,2";
			};
			name = Debug;
		};
		8F24A14B2140C2AA00F63EBD /* Release */ = {
			isa = XCBuildConfiguration;
			buildSettings = {
				ASSETCATALOG_COMPILER_APPICON_NAME = AppIcon;
				CODE_SIGN_STYLE = Automatic;
				DEVELOPMENT_TEAM = JG5PMT4375;
				INFOPLIST_FILE = calculator/Info.plist;
				LD_RUNPATH_SEARCH_PATHS = (
					"$(inherited)",
					"@executable_path/Frameworks",
				);
				PRODUCT_BUNDLE_IDENTIFIER = Bo.calculator;
				PRODUCT_NAME = "$(TARGET_NAME)";
				SWIFT_VERSION = 4.0;
				TARGETED_DEVICE_FAMILY = "1,2";
			};
			name = Release;
		};
		8F24A14D2140C2AA00F63EBD /* Debug */ = {
			isa = XCBuildConfiguration;
			buildSettings = {
				ALWAYS_EMBED_SWIFT_STANDARD_LIBRARIES = YES;
				BUNDLE_LOADER = "$(TEST_HOST)";
				CODE_SIGN_STYLE = Automatic;
				DEVELOPMENT_TEAM = JG5PMT4375;
				INFOPLIST_FILE = calculatorTests/Info.plist;
				LD_RUNPATH_SEARCH_PATHS = (
					"$(inherited)",
					"@executable_path/Frameworks",
					"@loader_path/Frameworks",
				);
				PRODUCT_BUNDLE_IDENTIFIER = Bo.calculatorTests;
				PRODUCT_NAME = "$(TARGET_NAME)";
				SWIFT_VERSION = 4.0;
				TARGETED_DEVICE_FAMILY = "1,2";
				TEST_HOST = "$(BUILT_PRODUCTS_DIR)/calculator.app/calculator";
			};
			name = Debug;
		};
		8F24A14E2140C2AA00F63EBD /* Release */ = {
			isa = XCBuildConfiguration;
			buildSettings = {
				ALWAYS_EMBED_SWIFT_STANDARD_LIBRARIES = YES;
				BUNDLE_LOADER = "$(TEST_HOST)";
				CODE_SIGN_STYLE = Automatic;
				DEVELOPMENT_TEAM = JG5PMT4375;
				INFOPLIST_FILE = calculatorTests/Info.plist;
				LD_RUNPATH_SEARCH_PATHS = (
					"$(inherited)",
					"@executable_path/Frameworks",
					"@loader_path/Frameworks",
				);
				PRODUCT_BUNDLE_IDENTIFIER = Bo.calculatorTests;
				PRODUCT_NAME = "$(TARGET_NAME)";
				SWIFT_VERSION = 4.0;
				TARGETED_DEVICE_FAMILY = "1,2";
				TEST_HOST = "$(BUILT_PRODUCTS_DIR)/calculator.app/calculator";
			};
			name = Release;
		};
		8F24A1502140C2AA00F63EBD /* Debug */ = {
			isa = XCBuildConfiguration;
			buildSettings = {
				ALWAYS_EMBED_SWIFT_STANDARD_LIBRARIES = YES;
				CODE_SIGN_STYLE = Automatic;
				DEVELOPMENT_TEAM = JG5PMT4375;
				INFOPLIST_FILE = calculatorUITests/Info.plist;
				LD_RUNPATH_SEARCH_PATHS = (
					"$(inherited)",
					"@executable_path/Frameworks",
					"@loader_path/Frameworks",
				);
				PRODUCT_BUNDLE_IDENTIFIER = Bo.calculatorUITests;
				PRODUCT_NAME = "$(TARGET_NAME)";
				SWIFT_VERSION = 4.0;
				TARGETED_DEVICE_FAMILY = "1,2";
				TEST_TARGET_NAME = calculator;
			};
			name = Debug;
		};
		8F24A1512140C2AA00F63EBD /* Release */ = {
			isa = XCBuildConfiguration;
			buildSettings = {
				ALWAYS_EMBED_SWIFT_STANDARD_LIBRARIES = YES;
				CODE_SIGN_STYLE = Automatic;
				DEVELOPMENT_TEAM = JG5PMT4375;
				INFOPLIST_FILE = calculatorUITests/Info.plist;
				LD_RUNPATH_SEARCH_PATHS = (
					"$(inherited)",
					"@executable_path/Frameworks",
					"@loader_path/Frameworks",
				);
				PRODUCT_BUNDLE_IDENTIFIER = Bo.calculatorUITests;
				PRODUCT_NAME = "$(TARGET_NAME)";
				SWIFT_VERSION = 4.0;
				TARGETED_DEVICE_FAMILY = "1,2";
				TEST_TARGET_NAME = calculator;
			};
			name = Release;
		};
/* End XCBuildConfiguration section */

/* Begin XCConfigurationList section */
		8F24A11C2140C2A900F63EBD /* Build configuration list for PBXProject "calculator" */ = {
			isa = XCConfigurationList;
			buildConfigurations = (
				8F24A1472140C2AA00F63EBD /* Debug */,
				8F24A1482140C2AA00F63EBD /* Release */,
			);
			defaultConfigurationIsVisible = 0;
			defaultConfigurationName = Release;
		};
		8F24A1492140C2AA00F63EBD /* Build configuration list for PBXNativeTarget "calculator" */ = {
			isa = XCConfigurationList;
			buildConfigurations = (
				8F24A14A2140C2AA00F63EBD /* Debug */,
				8F24A14B2140C2AA00F63EBD /* Release */,
			);
			defaultConfigurationIsVisible = 0;
			defaultConfigurationName = Release;
		};
		8F24A14C2140C2AA00F63EBD /* Build configuration list for PBXNativeTarget "calculatorTests" */ = {
			isa = XCConfigurationList;
			buildConfigurations = (
				8F24A14D2140C2AA00F63EBD /* Debug */,
				8F24A14E2140C2AA00F63EBD /* Release */,
			);
			defaultConfigurationIsVisible = 0;
			defaultConfigurationName = Release;
		};
		8F24A14F2140C2AA00F63EBD /* Build configuration list for PBXNativeTarget "calculatorUITests" */ = {
			isa = XCConfigurationList;
			buildConfigurations = (
				8F24A1502140C2AA00F63EBD /* Debug */,
				8F24A1512140C2AA00F63EBD /* Release */,
			);
			defaultConfigurationIsVisible = 0;
			defaultConfigurationName = Release;
		};
/* End XCConfigurationList section */
	};
	rootObject = 8F24A1192140C2A900F63EBD /* Project object */;
}
